PODS:
  - AccessibilitySnapshot/Core (0.3.2):
    - fishhook (~> 0.2)
  - fishhook (0.2)
  - Playbook (0.1.2)
  - PlaybookAccessibility (0.1.2):
    - AccessibilitySnapshot/Core (~> 0.3.2)
    - Playbook (~> 0.1.2)
  - PlaybookUI (0.1.2):
    - Playbook (~> 0)

DEPENDENCIES:
  - AccessibilitySnapshot/Core
  - Playbook (from `https://github.com/jiayi-zhou/playbook-ios`, branch `accessibility-support`)
  - PlaybookAccessibility (from `../PlaybookAccessibility.podspec`)
  - PlaybookUI (from `https://github.com/jiayi-zhou/playbook-ios`, branch `accessibility-support`)

SPEC REPOS:
  trunk:
    - AccessibilitySnapshot
    - fishhook

EXTERNAL SOURCES:
  Playbook:
    :branch: accessibility-support
    :git: https://github.com/jiayi-zhou/playbook-ios
  PlaybookAccessibility:
    :path: "../PlaybookAccessibility.podspec"
  PlaybookUI:
    :branch: accessibility-support
    :git: https://github.com/jiayi-zhou/playbook-ios

CHECKOUT OPTIONS:
  Playbook:
    :commit: 1e134daa4f3dad14fc6ca83698886ee68573dd46
    :git: https://github.com/jiayi-zhou/playbook-ios
  PlaybookUI:
    :commit: 1e134daa4f3dad14fc6ca83698886ee68573dd46
    :git: https://github.com/jiayi-zhou/playbook-ios

SPEC CHECKSUMS:
  AccessibilitySnapshot: fc706b52b64780cc00dbadda8b445320ff3ed17c
  fishhook: ea19933abfe8f2f52c55fd8b6e2718467d3ebc89
  Playbook: 0df9ed27be6ea997860db078046b70678cf21ea9
  PlaybookAccessibility: cec7616fe3e8999cbdd99683cbfebc2d1e9fb59a
  PlaybookUI: 1fcfabed0c38eb898d242aedd4053d7a9dad395e

PODFILE CHECKSUM: 6e0d70c77a800f0597a7719bc5fb646a66f73591

COCOAPODS: 1.9.3
