PODS:
  - AccessibilitySnapshot/Core (0.3.2):
    - fishhook (~> 0.2)
  - fishhook (0.2)

DEPENDENCIES:
  - AccessibilitySnapshot/Core

SPEC REPOS:
  trunk:
    - AccessibilitySnapshot
    - fishhook

SPEC CHECKSUMS:
  AccessibilitySnapshot: fc706b52b64780cc00dbadda8b445320ff3ed17c
  fishhook: ea19933abfe8f2f52c55fd8b6e2718467d3ebc89

PODFILE CHECKSUM: 38d6322dec0afdc207c890e3ae7bc83667863059

COCOAPODS: 1.9.3
