{
  "pins" : [
    {
      "identity" : "accessibilitysnapshot",
      "kind" : "remoteSourceControl",
      "location" : "https://github.com/cashapp/AccessibilitySnapshot.git",
      "state" : {
        "revision" : "ef2cf6015ad00c791fe3ff60f836b1fcc50f970c",
        "version" : "0.7.0"
      }
    },
    {
      "identity" : "ios-snapshot-test-case",
      "kind" : "remoteSourceControl",
      "location" : "https://github.com/uber/ios-snapshot-test-case.git",
      "state" : {
        "revision" : "7b10770333a961be6e5a41c9ce04b8c6d3990126",
        "version" : "8.0.0"
      }
    },
    {
      "identity" : "playbook-ios",
      "kind" : "remoteSourceControl",
      "location" : "https://github.com/playbook-ui/playbook-ios.git",
      "state" : {
        "revision" : "da86a1a533e7ab5b1203908dfbb33aa38b782421",
        "version" : "0.4.1"
      }
    },
    {
      "identity" : "swift-snapshot-testing",
      "kind" : "remoteSourceControl",
      "location" : "https://github.com/pointfreeco/swift-snapshot-testing.git",
      "state" : {
        "revision" : "f8a9c997c3c1dab4e216a8ec9014e23144cbab37",
        "version" : "1.9.0"
      }
    }
  ],
  "version" : 2
}
